
Microsoft Visual Studio Solution File, Format Version 12.00
# Visual Studio 15
VisualStudioVersion = 15.0.28307.168
MinimumVisualStudioVersion = 10.0.40219.1
Project("{F184B08F-C81C-45F6-A57F-5ABD9991F28F}") = "Maths quiz", "Maths quiz\Maths quiz.vbproj", "{CBC7F1EF-F7FC-4463-959E-DEF1D5D48E3A}"
EndProject
Global
	GlobalSection(SolutionConfigurationPlatforms) = preSolution
		Debug|Any CPU = Debug|Any CPU
		Release|Any CPU = Release|Any CPU
	EndGlobalSection
	GlobalSection(ProjectConfigurationPlatforms) = postSolution
		{CBC7F1EF-F7FC-4463-959E-DEF1D5D48E3A}.Debug|Any CPU.ActiveCfg = Debug|Any CPU
		{CBC7F1EF-F7FC-4463-959E-DEF1D5D48E3A}.Debug|Any CPU.Build.0 = Debug|Any CPU
		{CBC7F1EF-F7FC-4463-959E-DEF1D5D48E3A}.Release|Any CPU.ActiveCfg = Release|Any CPU
		{CBC7F1EF-F7FC-4463-959E-DEF1D5D48E3A}.Release|Any CPU.Build.0 = Release|Any CPU
	EndGlobalSection
	GlobalSection(SolutionProperties) = preSolution
		HideSolutionNode = FALSE
	EndGlobalSection
	GlobalSection(ExtensibilityGlobals) = postSolution
		SolutionGuid = {8C38653A-856C-4CEA-914C-81C6A4AC03BC}
	EndGlobalSection
EndGlobal
